
Microsoft Visual Studio Solution File, Format Version 12.00
# Visual Studio Version 17
VisualStudioVersion = 17.3.32804.467
MinimumVisualStudioVersion = 10.0.40219.1
Project("{2150E333-8FDC-42A3-9474-1A3956D46DE8}") = "src", "src", "{436BABB0-DBF7-4301-BC7F-CBB9D09FAD36}"
EndProject
Project("{9A19103F-16F7-4668-BE54-9A1E7A4F7556}") = "Hangfire.Console", "src\Hangfire.Console\Hangfire.Console.csproj", "{C18CBFCC-955B-4B21-B698-851CC56364AF}"
EndProject
Project("{9A19103F-16F7-4668-BE54-9A1E7A4F7556}") = "ScheduleWorkerService", "ScheduleWorkerService\ScheduleWorkerService.csproj", "{D6AE37FF-84EA-4F5D-8DA9-EFABCC4CBD92}"
EndProject
Global
	GlobalSection(SolutionConfigurationPlatforms) = preSolution
		Debug|Any CPU = Debug|Any CPU
		Release|Any CPU = Release|Any CPU
	EndGlobalSection
	GlobalSection(ProjectConfigurationPlatforms) = postSolution
		{C18CBFCC-955B-4B21-B698-851CC56364AF}.Debug|Any CPU.ActiveCfg = Debug|Any CPU
		{C18CBFCC-955B-4B21-B698-851CC56364AF}.Debug|Any CPU.Build.0 = Debug|Any CPU
		{C18CBFCC-955B-4B21-B698-851CC56364AF}.Release|Any CPU.ActiveCfg = Release|Any CPU
		{C18CBFCC-955B-4B21-B698-851CC56364AF}.Release|Any CPU.Build.0 = Release|Any CPU
		{D6AE37FF-84EA-4F5D-8DA9-EFABCC4CBD92}.Debug|Any CPU.ActiveCfg = Debug|Any CPU
		{D6AE37FF-84EA-4F5D-8DA9-EFABCC4CBD92}.Debug|Any CPU.Build.0 = Debug|Any CPU
		{D6AE37FF-84EA-4F5D-8DA9-EFABCC4CBD92}.Release|Any CPU.ActiveCfg = Release|Any CPU
		{D6AE37FF-84EA-4F5D-8DA9-EFABCC4CBD92}.Release|Any CPU.Build.0 = Release|Any CPU
	EndGlobalSection
	GlobalSection(SolutionProperties) = preSolution
		HideSolutionNode = FALSE
	EndGlobalSection
	GlobalSection(NestedProjects) = preSolution
		{C18CBFCC-955B-4B21-B698-851CC56364AF} = {436BABB0-DBF7-4301-BC7F-CBB9D09FAD36}
		{D6AE37FF-84EA-4F5D-8DA9-EFABCC4CBD92} = {436BABB0-DBF7-4301-BC7F-CBB9D09FAD36}
	EndGlobalSection
	GlobalSection(ExtensibilityGlobals) = postSolution
		SolutionGuid = {F390BFEC-D36C-46F0-91AB-5EBA42EFE825}
	EndGlobalSection
EndGlobal
